
Microsoft Visual Studio Solution File, Format Version 12.00
# Visual Studio Version 17
VisualStudioVersion = 17.3.32929.385
MinimumVisualStudioVersion = 10.0.40219.1
Project("{9A19103F-16F7-4668-BE54-9A1E7A4F7556}") = "EF.Support", "EF.Support\EF.Support.csproj", "{87EB2CEB-C696-4A47-BF51-54EE147AC2D0}"
EndProject
Project("{9A19103F-16F7-4668-BE54-9A1E7A4F7556}") = "Test", "Test\Test.csproj", "{3B52C893-AC73-4987-A9FC-C7CF70EC81B7}"
EndProject
Global
	GlobalSection(SolutionConfigurationPlatforms) = preSolution
		Debug|Any CPU = Debug|Any CPU
		Release|Any CPU = Release|Any CPU
	EndGlobalSection
	GlobalSection(ProjectConfigurationPlatforms) = postSolution
		{87EB2CEB-C696-4A47-BF51-54EE147AC2D0}.Debug|Any CPU.ActiveCfg = Debug|Any CPU
		{87EB2CEB-C696-4A47-BF51-54EE147AC2D0}.Debug|Any CPU.Build.0 = Debug|Any CPU
		{87EB2CEB-C696-4A47-BF51-54EE147AC2D0}.Release|Any CPU.ActiveCfg = Release|Any CPU
		{87EB2CEB-C696-4A47-BF51-54EE147AC2D0}.Release|Any CPU.Build.0 = Release|Any CPU
		{3B52C893-AC73-4987-A9FC-C7CF70EC81B7}.Debug|Any CPU.ActiveCfg = Debug|Any CPU
		{3B52C893-AC73-4987-A9FC-C7CF70EC81B7}.Debug|Any CPU.Build.0 = Debug|Any CPU
		{3B52C893-AC73-4987-A9FC-C7CF70EC81B7}.Release|Any CPU.ActiveCfg = Release|Any CPU
		{3B52C893-AC73-4987-A9FC-C7CF70EC81B7}.Release|Any CPU.Build.0 = Release|Any CPU
	EndGlobalSection
	GlobalSection(SolutionProperties) = preSolution
		HideSolutionNode = FALSE
	EndGlobalSection
	GlobalSection(ExtensibilityGlobals) = postSolution
		SolutionGuid = {A0ACFB07-431C-4108-A50F-D5B8EF5FBCBB}
	EndGlobalSection
EndGlobal
